
Microsoft Visual Studio Solution File, Format Version 12.00
# Visual Studio 2013
VisualStudioVersion = 12.0.31101.0
MinimumVisualStudioVersion = 10.0.40219.1
Project("{F088123C-0E9E-452A-89E6-6BA2F21D5CAC}") = "2 Semester Eksamensproject", "2 Semester Eksamensproject\2 Semester Eksamensproject.modelproj", "{91BFDC80-93A3-470E-8697-FEB42FB8E473}"
EndProject
Project("{FAE04EC0-301F-11D3-BF4B-00C04F79EFBC}") = "1.Iteration", "1.Iteration\1.Iteration.csproj", "{9E6EDAFF-8C7E-4D77-B1F5-761D142AB2F6}"
EndProject
Project("{FAE04EC0-301F-11D3-BF4B-00C04F79EFBC}") = "2.Iteration", "2.Iteration\2.Iteration.csproj", "{C0A97AF7-D266-4CA9-9A10-0C3D6BC85E4F}"
EndProject
Project("{FAE04EC0-301F-11D3-BF4B-00C04F79EFBC}") = "WorkerWebservice", "WorkerWebservice\WorkerWebservice.csproj", "{1D7BCD91-F8FA-44F0-9929-3E789AD71597}"
EndProject
Project("{FAE04EC0-301F-11D3-BF4B-00C04F79EFBC}") = "SHI", "SHI\SHI.csproj", "{C09F91D9-BC8F-4C08-BF89-74AFA17D6282}"
EndProject
Project("{FAE04EC0-301F-11D3-BF4B-00C04F79EFBC}") = "UnitTest", "UnitTest\UnitTest.csproj", "{4A1E6C56-9478-4E04-AA75-285AB41924C9}"
EndProject
Global
	GlobalSection(SolutionConfigurationPlatforms) = preSolution
		Debug|Any CPU = Debug|Any CPU
		Debug|ARM = Debug|ARM
		Debug|x64 = Debug|x64
		Debug|x86 = Debug|x86
		Release|Any CPU = Release|Any CPU
		Release|ARM = Release|ARM
		Release|x64 = Release|x64
		Release|x86 = Release|x86
	EndGlobalSection
	GlobalSection(ProjectConfigurationPlatforms) = postSolution
		{91BFDC80-93A3-470E-8697-FEB42FB8E473}.Debug|Any CPU.ActiveCfg = Debug|Any CPU
		{91BFDC80-93A3-470E-8697-FEB42FB8E473}.Debug|Any CPU.Build.0 = Debug|Any CPU
		{91BFDC80-93A3-470E-8697-FEB42FB8E473}.Debug|ARM.ActiveCfg = Debug|Any CPU
		{91BFDC80-93A3-470E-8697-FEB42FB8E473}.Debug|x64.ActiveCfg = Debug|Any CPU
		{91BFDC80-93A3-470E-8697-FEB42FB8E473}.Debug|x86.ActiveCfg = Debug|Any CPU
		{91BFDC80-93A3-470E-8697-FEB42FB8E473}.Release|Any CPU.ActiveCfg = Release|Any CPU
		{91BFDC80-93A3-470E-8697-FEB42FB8E473}.Release|Any CPU.Build.0 = Release|Any CPU
		{91BFDC80-93A3-470E-8697-FEB42FB8E473}.Release|ARM.ActiveCfg = Release|Any CPU
		{91BFDC80-93A3-470E-8697-FEB42FB8E473}.Release|x64.ActiveCfg = Release|Any CPU
		{91BFDC80-93A3-470E-8697-FEB42FB8E473}.Release|x86.ActiveCfg = Release|Any CPU
		{9E6EDAFF-8C7E-4D77-B1F5-761D142AB2F6}.Debug|Any CPU.ActiveCfg = Debug|Any CPU
		{9E6EDAFF-8C7E-4D77-B1F5-761D142AB2F6}.Debug|Any CPU.Build.0 = Debug|Any CPU
		{9E6EDAFF-8C7E-4D77-B1F5-761D142AB2F6}.Debug|Any CPU.Deploy.0 = Debug|Any CPU
		{9E6EDAFF-8C7E-4D77-B1F5-761D142AB2F6}.Debug|ARM.ActiveCfg = Debug|ARM
		{9E6EDAFF-8C7E-4D77-B1F5-761D142AB2F6}.Debug|ARM.Build.0 = Debug|ARM
		{9E6EDAFF-8C7E-4D77-B1F5-761D142AB2F6}.Debug|ARM.Deploy.0 = Debug|ARM
		{9E6EDAFF-8C7E-4D77-B1F5-761D142AB2F6}.Debug|x64.ActiveCfg = Debug|x64
		{9E6EDAFF-8C7E-4D77-B1F5-761D142AB2F6}.Debug|x64.Build.0 = Debug|x64
		{9E6EDAFF-8C7E-4D77-B1F5-761D142AB2F6}.Debug|x64.Deploy.0 = Debug|x64
		{9E6EDAFF-8C7E-4D77-B1F5-761D142AB2F6}.Debug|x86.ActiveCfg = Debug|x86
		{9E6EDAFF-8C7E-4D77-B1F5-761D142AB2F6}.Debug|x86.Build.0 = Debug|x86
		{9E6EDAFF-8C7E-4D77-B1F5-761D142AB2F6}.Debug|x86.Deploy.0 = Debug|x86
		{9E6EDAFF-8C7E-4D77-B1F5-761D142AB2F6}.Release|Any CPU.ActiveCfg = Release|Any CPU
		{9E6EDAFF-8C7E-4D77-B1F5-761D142AB2F6}.Release|Any CPU.Build.0 = Release|Any CPU
		{9E6EDAFF-8C7E-4D77-B1F5-761D142AB2F6}.Release|Any CPU.Deploy.0 = Release|Any CPU
		{9E6EDAFF-8C7E-4D77-B1F5-761D142AB2F6}.Release|ARM.ActiveCfg = Release|ARM
		{9E6EDAFF-8C7E-4D77-B1F5-761D142AB2F6}.Release|ARM.Build.0 = Release|ARM
		{9E6EDAFF-8C7E-4D77-B1F5-761D142AB2F6}.Release|ARM.Deploy.0 = Release|ARM
		{9E6EDAFF-8C7E-4D77-B1F5-761D142AB2F6}.Release|x64.ActiveCfg = Release|x64
		{9E6EDAFF-8C7E-4D77-B1F5-761D142AB2F6}.Release|x64.Build.0 = Release|x64
		{9E6EDAFF-8C7E-4D77-B1F5-761D142AB2F6}.Release|x64.Deploy.0 = Release|x64
		{9E6EDAFF-8C7E-4D77-B1F5-761D142AB2F6}.Release|x86.ActiveCfg = Release|x86
		{9E6EDAFF-8C7E-4D77-B1F5-761D142AB2F6}.Release|x86.Build.0 = Release|x86
		{9E6EDAFF-8C7E-4D77-B1F5-761D142AB2F6}.Release|x86.Deploy.0 = Release|x86
		{C0A97AF7-D266-4CA9-9A10-0C3D6BC85E4F}.Debug|Any CPU.ActiveCfg = Debug|Any CPU
		{C0A97AF7-D266-4CA9-9A10-0C3D6BC85E4F}.Debug|Any CPU.Build.0 = Debug|Any CPU
		{C0A97AF7-D266-4CA9-9A10-0C3D6BC85E4F}.Debug|Any CPU.Deploy.0 = Debug|Any CPU
		{C0A97AF7-D266-4CA9-9A10-0C3D6BC85E4F}.Debug|ARM.ActiveCfg = Debug|ARM
		{C0A97AF7-D266-4CA9-9A10-0C3D6BC85E4F}.Debug|ARM.Build.0 = Debug|ARM
		{C0A97AF7-D266-4CA9-9A10-0C3D6BC85E4F}.Debug|ARM.Deploy.0 = Debug|ARM
		{C0A97AF7-D266-4CA9-9A10-0C3D6BC85E4F}.Debug|x64.ActiveCfg = Debug|x64
		{C0A97AF7-D266-4CA9-9A10-0C3D6BC85E4F}.Debug|x64.Build.0 = Debug|x64
		{C0A97AF7-D266-4CA9-9A10-0C3D6BC85E4F}.Debug|x64.Deploy.0 = Debug|x64
		{C0A97AF7-D266-4CA9-9A10-0C3D6BC85E4F}.Debug|x86.ActiveCfg = Debug|x86
		{C0A97AF7-D266-4CA9-9A10-0C3D6BC85E4F}.Debug|x86.Build.0 = Debug|x86
		{C0A97AF7-D266-4CA9-9A10-0C3D6BC85E4F}.Debug|x86.Deploy.0 = Debug|x86
		{C0A97AF7-D266-4CA9-9A10-0C3D6BC85E4F}.Release|Any CPU.ActiveCfg = Release|Any CPU
		{C0A97AF7-D266-4CA9-9A10-0C3D6BC85E4F}.Release|Any CPU.Build.0 = Release|Any CPU
		{C0A97AF7-D266-4CA9-9A10-0C3D6BC85E4F}.Release|Any CPU.Deploy.0 = Release|Any CPU
		{C0A97AF7-D266-4CA9-9A10-0C3D6BC85E4F}.Release|ARM.ActiveCfg = Release|ARM
		{C0A97AF7-D266-4CA9-9A10-0C3D6BC85E4F}.Release|ARM.Build.0 = Release|ARM
		{C0A97AF7-D266-4CA9-9A10-0C3D6BC85E4F}.Release|ARM.Deploy.0 = Release|ARM
		{C0A97AF7-D266-4CA9-9A10-0C3D6BC85E4F}.Release|x64.ActiveCfg = Release|x64
		{C0A97AF7-D266-4CA9-9A10-0C3D6BC85E4F}.Release|x64.Build.0 = Release|x64
		{C0A97AF7-D266-4CA9-9A10-0C3D6BC85E4F}.Release|x64.Deploy.0 = Release|x64
		{C0A97AF7-D266-4CA9-9A10-0C3D6BC85E4F}.Release|x86.ActiveCfg = Release|x86
		{C0A97AF7-D266-4CA9-9A10-0C3D6BC85E4F}.Release|x86.Build.0 = Release|x86
		{C0A97AF7-D266-4CA9-9A10-0C3D6BC85E4F}.Release|x86.Deploy.0 = Release|x86
		{1D7BCD91-F8FA-44F0-9929-3E789AD71597}.Debug|Any CPU.ActiveCfg = Debug|Any CPU
		{1D7BCD91-F8FA-44F0-9929-3E789AD71597}.Debug|Any CPU.Build.0 = Debug|Any CPU
		{1D7BCD91-F8FA-44F0-9929-3E789AD71597}.Debug|ARM.ActiveCfg = Debug|Any CPU
		{1D7BCD91-F8FA-44F0-9929-3E789AD71597}.Debug|x64.ActiveCfg = Debug|Any CPU
		{1D7BCD91-F8FA-44F0-9929-3E789AD71597}.Debug|x86.ActiveCfg = Debug|Any CPU
		{1D7BCD91-F8FA-44F0-9929-3E789AD71597}.Release|Any CPU.ActiveCfg = Release|Any CPU
		{1D7BCD91-F8FA-44F0-9929-3E789AD71597}.Release|Any CPU.Build.0 = Release|Any CPU
		{1D7BCD91-F8FA-44F0-9929-3E789AD71597}.Release|ARM.ActiveCfg = Release|Any CPU
		{1D7BCD91-F8FA-44F0-9929-3E789AD71597}.Release|x64.ActiveCfg = Release|Any CPU
		{1D7BCD91-F8FA-44F0-9929-3E789AD71597}.Release|x86.ActiveCfg = Release|Any CPU
		{C09F91D9-BC8F-4C08-BF89-74AFA17D6282}.Debug|Any CPU.ActiveCfg = Debug|Any CPU
		{C09F91D9-BC8F-4C08-BF89-74AFA17D6282}.Debug|Any CPU.Build.0 = Debug|Any CPU
		{C09F91D9-BC8F-4C08-BF89-74AFA17D6282}.Debug|Any CPU.Deploy.0 = Debug|Any CPU
		{C09F91D9-BC8F-4C08-BF89-74AFA17D6282}.Debug|ARM.ActiveCfg = Debug|ARM
		{C09F91D9-BC8F-4C08-BF89-74AFA17D6282}.Debug|ARM.Build.0 = Debug|ARM
		{C09F91D9-BC8F-4C08-BF89-74AFA17D6282}.Debug|ARM.Deploy.0 = Debug|ARM
		{C09F91D9-BC8F-4C08-BF89-74AFA17D6282}.Debug|x64.ActiveCfg = Debug|x64
		{C09F91D9-BC8F-4C08-BF89-74AFA17D6282}.Debug|x64.Build.0 = Debug|x64
		{C09F91D9-BC8F-4C08-BF89-74AFA17D6282}.Debug|x64.Deploy.0 = Debug|x64
		{C09F91D9-BC8F-4C08-BF89-74AFA17D6282}.Debug|x86.ActiveCfg = Debug|x86
		{C09F91D9-BC8F-4C08-BF89-74AFA17D6282}.Debug|x86.Build.0 = Debug|x86
		{C09F91D9-BC8F-4C08-BF89-74AFA17D6282}.Debug|x86.Deploy.0 = Debug|x86
		{C09F91D9-BC8F-4C08-BF89-74AFA17D6282}.Release|Any CPU.ActiveCfg = Release|Any CPU
		{C09F91D9-BC8F-4C08-BF89-74AFA17D6282}.Release|Any CPU.Build.0 = Release|Any CPU
		{C09F91D9-BC8F-4C08-BF89-74AFA17D6282}.Release|Any CPU.Deploy.0 = Release|Any CPU
		{C09F91D9-BC8F-4C08-BF89-74AFA17D6282}.Release|ARM.ActiveCfg = Release|ARM
		{C09F91D9-BC8F-4C08-BF89-74AFA17D6282}.Release|ARM.Build.0 = Release|ARM
		{C09F91D9-BC8F-4C08-BF89-74AFA17D6282}.Release|ARM.Deploy.0 = Release|ARM
		{C09F91D9-BC8F-4C08-BF89-74AFA17D6282}.Release|x64.ActiveCfg = Release|x64
		{C09F91D9-BC8F-4C08-BF89-74AFA17D6282}.Release|x64.Build.0 = Release|x64
		{C09F91D9-BC8F-4C08-BF89-74AFA17D6282}.Release|x64.Deploy.0 = Release|x64
		{C09F91D9-BC8F-4C08-BF89-74AFA17D6282}.Release|x86.ActiveCfg = Release|x86
		{C09F91D9-BC8F-4C08-BF89-74AFA17D6282}.Release|x86.Build.0 = Release|x86
		{C09F91D9-BC8F-4C08-BF89-74AFA17D6282}.Release|x86.Deploy.0 = Release|x86
		{4A1E6C56-9478-4E04-AA75-285AB41924C9}.Debug|Any CPU.ActiveCfg = Debug|Any CPU
		{4A1E6C56-9478-4E04-AA75-285AB41924C9}.Debug|Any CPU.Build.0 = Debug|Any CPU
		{4A1E6C56-9478-4E04-AA75-285AB41924C9}.Debug|Any CPU.Deploy.0 = Debug|Any CPU
		{4A1E6C56-9478-4E04-AA75-285AB41924C9}.Debug|ARM.ActiveCfg = Debug|ARM
		{4A1E6C56-9478-4E04-AA75-285AB41924C9}.Debug|ARM.Build.0 = Debug|ARM
		{4A1E6C56-9478-4E04-AA75-285AB41924C9}.Debug|ARM.Deploy.0 = Debug|ARM
		{4A1E6C56-9478-4E04-AA75-285AB41924C9}.Debug|x64.ActiveCfg = Debug|x64
		{4A1E6C56-9478-4E04-AA75-285AB41924C9}.Debug|x64.Build.0 = Debug|x64
		{4A1E6C56-9478-4E04-AA75-285AB41924C9}.Debug|x64.Deploy.0 = Debug|x64
		{4A1E6C56-9478-4E04-AA75-285AB41924C9}.Debug|x86.ActiveCfg = Debug|x86
		{4A1E6C56-9478-4E04-AA75-285AB41924C9}.Debug|x86.Build.0 = Debug|x86
		{4A1E6C56-9478-4E04-AA75-285AB41924C9}.Debug|x86.Deploy.0 = Debug|x86
		{4A1E6C56-9478-4E04-AA75-285AB41924C9}.Release|Any CPU.ActiveCfg = Release|Any CPU
		{4A1E6C56-9478-4E04-AA75-285AB41924C9}.Release|Any CPU.Build.0 = Release|Any CPU
		{4A1E6C56-9478-4E04-AA75-285AB41924C9}.Release|Any CPU.Deploy.0 = Release|Any CPU
		{4A1E6C56-9478-4E04-AA75-285AB41924C9}.Release|ARM.ActiveCfg = Release|ARM
		{4A1E6C56-9478-4E04-AA75-285AB41924C9}.Release|ARM.Build.0 = Release|ARM
		{4A1E6C56-9478-4E04-AA75-285AB41924C9}.Release|ARM.Deploy.0 = Release|ARM
		{4A1E6C56-9478-4E04-AA75-285AB41924C9}.Release|x64.ActiveCfg = Release|x64
		{4A1E6C56-9478-4E04-AA75-285AB41924C9}.Release|x64.Build.0 = Release|x64
		{4A1E6C56-9478-4E04-AA75-285AB41924C9}.Release|x64.Deploy.0 = Release|x64
		{4A1E6C56-9478-4E04-AA75-285AB41924C9}.Release|x86.ActiveCfg = Release|x86
		{4A1E6C56-9478-4E04-AA75-285AB41924C9}.Release|x86.Build.0 = Release|x86
		{4A1E6C56-9478-4E04-AA75-285AB41924C9}.Release|x86.Deploy.0 = Release|x86
	EndGlobalSection
	GlobalSection(SolutionProperties) = preSolution
		HideSolutionNode = FALSE
	EndGlobalSection
EndGlobal
